// !$*UTF8*$!
{
	archiveVersion = 1;
	classes = {
	};
	objectVersion = 55;
	objects = {

/* Begin PBXBuildFile section */
		C31EAE792789678800BFFD43 /* Realm in Frameworks */ = {isa = PBXBuildFile; productRef = C31EAE782789678800BFFD43 /* Realm */; };
		C31EAE7B2789678800BFFD43 /* RealmSwift in Frameworks */ = {isa = PBXBuildFile; productRef = C31EAE7A2789678800BFFD43 /* RealmSwift */; };
		C31EAE7E2789693200BFFD43 /* MessageKit in Frameworks */ = {isa = PBXBuildFile; productRef = C31EAE7D2789693200BFFD43 /* MessageKit */; };
		C31EAE812789696000BFFD43 /* JGProgressHUD in Frameworks */ = {isa = PBXBuildFile; productRef = C31EAE802789696000BFFD43 /* JGProgressHUD */; };
		C31EAE84278969A400BFFD43 /* SDWebImage in Frameworks */ = {isa = PBXBuildFile; productRef = C31EAE83278969A400BFFD43 /* SDWebImage */; };
		C31EAE86278969A400BFFD43 /* SDWebImageMapKit in Frameworks */ = {isa = PBXBuildFile; productRef = C31EAE85278969A400BFFD43 /* SDWebImageMapKit */; };
		C31EAE8A27896D6100BFFD43 /* MessagesVC.swift in Sources */ = {isa = PBXBuildFile; fileRef = C31EAE8927896D6100BFFD43 /* MessagesVC.swift */; };
		C31EAE8E27897C6E00BFFD43 /* NewConversationVC.swift in Sources */ = {isa = PBXBuildFile; fileRef = C31EAE8D27897C6E00BFFD43 /* NewConversationVC.swift */; };
		C31EAE91278A2E4600BFFD43 /* FacebookLogin in Frameworks */ = {isa = PBXBuildFile; productRef = C31EAE90278A2E4600BFFD43 /* FacebookLogin */; };
		C31EAE93278A352100BFFD43 /* Storage Manager.swift in Sources */ = {isa = PBXBuildFile; fileRef = C31EAE92278A352100BFFD43 /* Storage Manager.swift */; };
		C36B23C92785C2FC0001E9B6 /* FirebaseAnalytics in Frameworks */ = {isa = PBXBuildFile; productRef = C36B23C82785C2FC0001E9B6 /* FirebaseAnalytics */; };
		C36B23CB2785C2FC0001E9B6 /* FirebaseAuth in Frameworks */ = {isa = PBXBuildFile; productRef = C36B23CA2785C2FC0001E9B6 /* FirebaseAuth */; };
		C36B23CD2785C2FC0001E9B6 /* FirebaseDatabase in Frameworks */ = {isa = PBXBuildFile; productRef = C36B23CC2785C2FC0001E9B6 /* FirebaseDatabase */; };
		C36B23CF2785C2FC0001E9B6 /* FirebaseStorage in Frameworks */ = {isa = PBXBuildFile; productRef = C36B23CE2785C2FC0001E9B6 /* FirebaseStorage */; };
		C36B23D32785C75A0001E9B6 /* GoogleService-Info.plist in Resources */ = {isa = PBXBuildFile; fileRef = C36B23D22785C75A0001E9B6 /* GoogleService-Info.plist */; };
		C36B23D52785FFEC0001E9B6 /* DatabaseManager.swift in Sources */ = {isa = PBXBuildFile; fileRef = C36B23D42785FFEC0001E9B6 /* DatabaseManager.swift */; };
		C36B23D72786E2F90001E9B6 /* ProfileVC.swift in Sources */ = {isa = PBXBuildFile; fileRef = C36B23D62786E2F90001E9B6 /* ProfileVC.swift */; };
		C374828A2784430C007D2F74 /* AppDelegate.swift in Sources */ = {isa = PBXBuildFile; fileRef = C37482892784430C007D2F74 /* AppDelegate.swift */; };
		C374828C2784430C007D2F74 /* SceneDelegate.swift in Sources */ = {isa = PBXBuildFile; fileRef = C374828B2784430C007D2F74 /* SceneDelegate.swift */; };
		C374828E2784430C007D2F74 /* SignInVC.swift in Sources */ = {isa = PBXBuildFile; fileRef = C374828D2784430C007D2F74 /* SignInVC.swift */; };
		C37482912784430C007D2F74 /* Main.storyboard in Resources */ = {isa = PBXBuildFile; fileRef = C374828F2784430C007D2F74 /* Main.storyboard */; };
		C37482962784430E007D2F74 /* Assets.xcassets in Resources */ = {isa = PBXBuildFile; fileRef = C37482952784430E007D2F74 /* Assets.xcassets */; };
		C37482992784430E007D2F74 /* LaunchScreen.storyboard in Resources */ = {isa = PBXBuildFile; fileRef = C37482972784430E007D2F74 /* LaunchScreen.storyboard */; };
		C37482A5278444A0007D2F74 /* SignUpVC.swift in Sources */ = {isa = PBXBuildFile; fileRef = C37482A4278444A0007D2F74 /* SignUpVC.swift */; };
		C37482A727846A75007D2F74 /* ConversationListTVC.swift in Sources */ = {isa = PBXBuildFile; fileRef = C37482A627846A75007D2F74 /* ConversationListTVC.swift */; };
/* End PBXBuildFile section */

/* Begin PBXFileReference section */
		C31EAE8927896D6100BFFD43 /* MessagesVC.swift */ = {isa = PBXFileReference; lastKnownFileType = sourcecode.swift; path = MessagesVC.swift; sourceTree = "<group>"; };
		C31EAE8D27897C6E00BFFD43 /* NewConversationVC.swift */ = {isa = PBXFileReference; lastKnownFileType = sourcecode.swift; path = NewConversationVC.swift; sourceTree = "<group>"; };
		C31EAE92278A352100BFFD43 /* Storage Manager.swift */ = {isa = PBXFileReference; lastKnownFileType = sourcecode.swift; path = "Storage Manager.swift"; sourceTree = "<group>"; };
		C36B23D22785C75A0001E9B6 /* GoogleService-Info.plist */ = {isa = PBXFileReference; fileEncoding = 4; lastKnownFileType = text.plist.xml; path = "GoogleService-Info.plist"; sourceTree = "<group>"; };
		C36B23D42785FFEC0001E9B6 /* DatabaseManager.swift */ = {isa = PBXFileReference; lastKnownFileType = sourcecode.swift; path = DatabaseManager.swift; sourceTree = "<group>"; };
		C36B23D62786E2F90001E9B6 /* ProfileVC.swift */ = {isa = PBXFileReference; lastKnownFileType = sourcecode.swift; path = ProfileVC.swift; sourceTree = "<group>"; };
		C37482862784430C007D2F74 /* ChatEver.app */ = {isa = PBXFileReference; explicitFileType = wrapper.application; includeInIndex = 0; path = ChatEver.app; sourceTree = BUILT_PRODUCTS_DIR; };
		C37482892784430C007D2F74 /* AppDelegate.swift */ = {isa = PBXFileReference; lastKnownFileType = sourcecode.swift; path = AppDelegate.swift; sourceTree = "<group>"; };
		C374828B2784430C007D2F74 /* SceneDelegate.swift */ = {isa = PBXFileReference; lastKnownFileType = sourcecode.swift; path = SceneDelegate.swift; sourceTree = "<group>"; };
		C374828D2784430C007D2F74 /* SignInVC.swift */ = {isa = PBXFileReference; lastKnownFileType = sourcecode.swift; path = SignInVC.swift; sourceTree = "<group>"; };
		C37482902784430C007D2F74 /* Base */ = {isa = PBXFileReference; lastKnownFileType = file.storyboard; name = Base; path = Base.lproj/Main.storyboard; sourceTree = "<group>"; };
		C37482952784430E007D2F74 /* Assets.xcassets */ = {isa = PBXFileReference; lastKnownFileType = folder.assetcatalog; path = Assets.xcassets; sourceTree = "<group>"; };
		C37482982784430E007D2F74 /* Base */ = {isa = PBXFileReference; lastKnownFileType = file.storyboard; name = Base; path = Base.lproj/LaunchScreen.storyboard; sourceTree = "<group>"; };
		C374829A2784430E007D2F74 /* Info.plist */ = {isa = PBXFileReference; lastKnownFileType = text.plist.xml; path = Info.plist; sourceTree = "<group>"; };
		C37482A4278444A0007D2F74 /* SignUpVC.swift */ = {isa = PBXFileReference; lastKnownFileType = sourcecode.swift; path = SignUpVC.swift; sourceTree = "<group>"; };
		C37482A627846A75007D2F74 /* ConversationListTVC.swift */ = {isa = PBXFileReference; lastKnownFileType = sourcecode.swift; path = ConversationListTVC.swift; sourceTree = "<group>"; };
/* End PBXFileReference section */

/* Begin PBXFrameworksBuildPhase section */
		C37482832784430C007D2F74 /* Frameworks */ = {
			isa = PBXFrameworksBuildPhase;
			buildActionMask = 2147483647;
			files = (
				C31EAE7B2789678800BFFD43 /* RealmSwift in Frameworks */,
				C36B23CD2785C2FC0001E9B6 /* FirebaseDatabase in Frameworks */,
				C36B23CF2785C2FC0001E9B6 /* FirebaseStorage in Frameworks */,
				C31EAE7E2789693200BFFD43 /* MessageKit in Frameworks */,
				C31EAE812789696000BFFD43 /* JGProgressHUD in Frameworks */,
				C31EAE91278A2E4600BFFD43 /* FacebookLogin in Frameworks */,
				C36B23C92785C2FC0001E9B6 /* FirebaseAnalytics in Frameworks */,
				C31EAE86278969A400BFFD43 /* SDWebImageMapKit in Frameworks */,
				C31EAE84278969A400BFFD43 /* SDWebImage in Frameworks */,
				C36B23CB2785C2FC0001E9B6 /* FirebaseAuth in Frameworks */,
				C31EAE792789678800BFFD43 /* Realm in Frameworks */,
			);
			runOnlyForDeploymentPostprocessing = 0;
		};
/* End PBXFrameworksBuildPhase section */

/* Begin PBXGroup section */
		C374827D2784430C007D2F74 = {
			isa = PBXGroup;
			children = (
				C37482882784430C007D2F74 /* ChatEver */,
				C37482872784430C007D2F74 /* Products */,
			);
			sourceTree = "<group>";
		};
		C37482872784430C007D2F74 /* Products */ = {
			isa = PBXGroup;
			children = (
				C37482862784430C007D2F74 /* ChatEver.app */,
			);
			name = Products;
			sourceTree = "<group>";
		};
		C37482882784430C007D2F74 /* ChatEver */ = {
			isa = PBXGroup;
			children = (
				C37482A027844325007D2F74 /* Resources */,
				C37482A2278443E4007D2F74 /* Views */,
				C37482A1278443AE007D2F74 /* Controllers */,
				C374829A2784430E007D2F74 /* Info.plist */,
				C36B23D22785C75A0001E9B6 /* GoogleService-Info.plist */,
			);
			path = ChatEver;
			sourceTree = "<group>";
		};
		C37482A027844325007D2F74 /* Resources */ = {
			isa = PBXGroup;
			children = (
				C37482892784430C007D2F74 /* AppDelegate.swift */,
				C374828B2784430C007D2F74 /* SceneDelegate.swift */,
				C36B23D42785FFEC0001E9B6 /* DatabaseManager.swift */,
				C31EAE92278A352100BFFD43 /* Storage Manager.swift */,
			);
			path = Resources;
			sourceTree = "<group>";
		};
		C37482A1278443AE007D2F74 /* Controllers */ = {
			isa = PBXGroup;
			children = (
				C37482A627846A75007D2F74 /* ConversationListTVC.swift */,
				C374828D2784430C007D2F74 /* SignInVC.swift */,
				C37482A4278444A0007D2F74 /* SignUpVC.swift */,
				C36B23D62786E2F90001E9B6 /* ProfileVC.swift */,
				C31EAE8927896D6100BFFD43 /* MessagesVC.swift */,
				C31EAE8D27897C6E00BFFD43 /* NewConversationVC.swift */,
			);
			path = Controllers;
			sourceTree = "<group>";
		};
		C37482A2278443E4007D2F74 /* Views */ = {
			isa = PBXGroup;
			children = (
				C37482A327844412007D2F74 /* Storyboards */,
				C37482952784430E007D2F74 /* Assets.xcassets */,
			);
			path = Views;
			sourceTree = "<group>";
		};
		C37482A327844412007D2F74 /* Storyboards */ = {
			isa = PBXGroup;
			children = (
				C374828F2784430C007D2F74 /* Main.storyboard */,
				C37482972784430E007D2F74 /* LaunchScreen.storyboard */,
			);
			path = Storyboards;
			sourceTree = "<group>";
		};
/* End PBXGroup section */

/* Begin PBXNativeTarget section */
		C37482852784430C007D2F74 /* ChatEver */ = {
			isa = PBXNativeTarget;
			buildConfigurationList = C374829D2784430E007D2F74 /* Build configuration list for PBXNativeTarget "ChatEver" */;
			buildPhases = (
				C37482822784430C007D2F74 /* Sources */,
				C37482832784430C007D2F74 /* Frameworks */,
				C37482842784430C007D2F74 /* Resources */,
			);
			buildRules = (
			);
			dependencies = (
			);
			name = ChatEver;
			packageProductDependencies = (
				C36B23C82785C2FC0001E9B6 /* FirebaseAnalytics */,
				C36B23CA2785C2FC0001E9B6 /* FirebaseAuth */,
				C36B23CC2785C2FC0001E9B6 /* FirebaseDatabase */,
				C36B23CE2785C2FC0001E9B6 /* FirebaseStorage */,
				C31EAE782789678800BFFD43 /* Realm */,
				C31EAE7A2789678800BFFD43 /* RealmSwift */,
				C31EAE7D2789693200BFFD43 /* MessageKit */,
				C31EAE802789696000BFFD43 /* JGProgressHUD */,
				C31EAE83278969A400BFFD43 /* SDWebImage */,
				C31EAE85278969A400BFFD43 /* SDWebImageMapKit */,
				C31EAE90278A2E4600BFFD43 /* FacebookLogin */,
			);
			productName = ChatEver;
			productReference = C37482862784430C007D2F74 /* ChatEver.app */;
			productType = "com.apple.product-type.application";
		};
/* End PBXNativeTarget section */

/* Begin PBXProject section */
		C374827E2784430C007D2F74 /* Project object */ = {
			isa = PBXProject;
			attributes = {
				BuildIndependentTargetsInParallel = 1;
				LastSwiftUpdateCheck = 1320;
				LastUpgradeCheck = 1320;
				TargetAttributes = {
					C37482852784430C007D2F74 = {
						CreatedOnToolsVersion = 13.2.1;
					};
				};
			};
			buildConfigurationList = C37482812784430C007D2F74 /* Build configuration list for PBXProject "ChatEver" */;
			compatibilityVersion = "Xcode 13.0";
			developmentRegion = en;
			hasScannedForEncodings = 0;
			knownRegions = (
				en,
				Base,
			);
			mainGroup = C374827D2784430C007D2F74;
			packageReferences = (
				C36B23C72785C2FC0001E9B6 /* XCRemoteSwiftPackageReference "firebase-ios-sdk" */,
				C31EAE772789678800BFFD43 /* XCRemoteSwiftPackageReference "realm-swift" */,
				C31EAE7C2789693200BFFD43 /* XCRemoteSwiftPackageReference "MessageKit" */,
				C31EAE7F2789696000BFFD43 /* XCRemoteSwiftPackageReference "JGProgressHUD" */,
				C31EAE82278969A400BFFD43 /* XCRemoteSwiftPackageReference "SDWebImage" */,
				C31EAE8F278A2E4500BFFD43 /* XCRemoteSwiftPackageReference "facebook-ios-sdk" */,
			);
			productRefGroup = C37482872784430C007D2F74 /* Products */;
			projectDirPath = "";
			projectRoot = "";
			targets = (
				C37482852784430C007D2F74 /* ChatEver */,
			);
		};
/* End PBXProject section */

/* Begin PBXResourcesBuildPhase section */
		C37482842784430C007D2F74 /* Resources */ = {
			isa = PBXResourcesBuildPhase;
			buildActionMask = 2147483647;
			files = (
				C37482992784430E007D2F74 /* LaunchScreen.storyboard in Resources */,
				C36B23D32785C75A0001E9B6 /* GoogleService-Info.plist in Resources */,
				C37482962784430E007D2F74 /* Assets.xcassets in Resources */,
				C37482912784430C007D2F74 /* Main.storyboard in Resources */,
			);
			runOnlyForDeploymentPostprocessing = 0;
		};
/* End PBXResourcesBuildPhase section */

/* Begin PBXSourcesBuildPhase section */
		C37482822784430C007D2F74 /* Sources */ = {
			isa = PBXSourcesBuildPhase;
			buildActionMask = 2147483647;
			files = (
				C31EAE8E27897C6E00BFFD43 /* NewConversationVC.swift in Sources */,
				C31EAE8A27896D6100BFFD43 /* MessagesVC.swift in Sources */,
				C31EAE93278A352100BFFD43 /* Storage Manager.swift in Sources */,
				C37482A727846A75007D2F74 /* ConversationListTVC.swift in Sources */,
				C374828E2784430C007D2F74 /* SignInVC.swift in Sources */,
				C36B23D72786E2F90001E9B6 /* ProfileVC.swift in Sources */,
				C36B23D52785FFEC0001E9B6 /* DatabaseManager.swift in Sources */,
				C374828A2784430C007D2F74 /* AppDelegate.swift in Sources */,
				C374828C2784430C007D2F74 /* SceneDelegate.swift in Sources */,
				C37482A5278444A0007D2F74 /* SignUpVC.swift in Sources */,
			);
			runOnlyForDeploymentPostprocessing = 0;
		};
/* End PBXSourcesBuildPhase section */

/* Begin PBXVariantGroup section */
		C374828F2784430C007D2F74 /* Main.storyboard */ = {
			isa = PBXVariantGroup;
			children = (
				C37482902784430C007D2F74 /* Base */,
			);
			name = Main.storyboard;
			sourceTree = "<group>";
		};
		C37482972784430E007D2F74 /* LaunchScreen.storyboard */ = {
			isa = PBXVariantGroup;
			children = (
				C37482982784430E007D2F74 /* Base */,
			);
			name = LaunchScreen.storyboard;
			sourceTree = "<group>";
		};
/* End PBXVariantGroup section */

/* Begin XCBuildConfiguration section */
		C374829B2784430E007D2F74 /* Debug */ = {
			isa = XCBuildConfiguration;
			buildSettings = {
				ALWAYS_SEARCH_USER_PATHS = NO;
				CLANG_ANALYZER_NONNULL = YES;
				CLANG_ANALYZER_NUMBER_OBJECT_CONVERSION = YES_AGGRESSIVE;
				CLANG_CXX_LANGUAGE_STANDARD = "gnu++17";
				CLANG_CXX_LIBRARY = "libc++";
				CLANG_ENABLE_MODULES = YES;
				CLANG_ENABLE_OBJC_ARC = YES;
				CLANG_ENABLE_OBJC_WEAK = YES;
				CLANG_WARN_BLOCK_CAPTURE_AUTORELEASING = YES;
				CLANG_WARN_BOOL_CONVERSION = YES;
				CLANG_WARN_COMMA = YES;
				CLANG_WARN_CONSTANT_CONVERSION = YES;
				CLANG_WARN_DEPRECATED_OBJC_IMPLEMENTATIONS = YES;
				CLANG_WARN_DIRECT_OBJC_ISA_USAGE = YES_ERROR;
				CLANG_WARN_DOCUMENTATION_COMMENTS = YES;
				CLANG_WARN_EMPTY_BODY = YES;
				CLANG_WARN_ENUM_CONVERSION = YES;
				CLANG_WARN_INFINITE_RECURSION = YES;
				CLANG_WARN_INT_CONVERSION = YES;
				CLANG_WARN_NON_LITERAL_NULL_CONVERSION = YES;
				CLANG_WARN_OBJC_IMPLICIT_RETAIN_SELF = YES;
				CLANG_WARN_OBJC_LITERAL_CONVERSION = YES;
				CLANG_WARN_OBJC_ROOT_CLASS = YES_ERROR;
				CLANG_WARN_QUOTED_INCLUDE_IN_FRAMEWORK_HEADER = YES;
				CLANG_WARN_RANGE_LOOP_ANALYSIS = YES;
				CLANG_WARN_STRICT_PROTOTYPES = YES;
				CLANG_WARN_SUSPICIOUS_MOVE = YES;
				CLANG_WARN_UNGUARDED_AVAILABILITY = YES_AGGRESSIVE;
				CLANG_WARN_UNREACHABLE_CODE = YES;
				CLANG_WARN__DUPLICATE_METHOD_MATCH = YES;
				COPY_PHASE_STRIP = NO;
				DEBUG_INFORMATION_FORMAT = dwarf;
				ENABLE_STRICT_OBJC_MSGSEND = YES;
				ENABLE_TESTABILITY = YES;
				GCC_C_LANGUAGE_STANDARD = gnu11;
				GCC_DYNAMIC_NO_PIC = NO;
				GCC_NO_COMMON_BLOCKS = YES;
				GCC_OPTIMIZATION_LEVEL = 0;
				GCC_PREPROCESSOR_DEFINITIONS = (
					"DEBUG=1",
					"$(inherited)",
				);
				GCC_WARN_64_TO_32_BIT_CONVERSION = YES;
				GCC_WARN_ABOUT_RETURN_TYPE = YES_ERROR;
				GCC_WARN_UNDECLARED_SELECTOR = YES;
				GCC_WARN_UNINITIALIZED_AUTOS = YES_AGGRESSIVE;
				GCC_WARN_UNUSED_FUNCTION = YES;
				GCC_WARN_UNUSED_VARIABLE = YES;
				IPHONEOS_DEPLOYMENT_TARGET = 15.2;
				MTL_ENABLE_DEBUG_INFO = INCLUDE_SOURCE;
				MTL_FAST_MATH = YES;
				ONLY_ACTIVE_ARCH = YES;
				SDKROOT = iphoneos;
				SWIFT_ACTIVE_COMPILATION_CONDITIONS = DEBUG;
				SWIFT_OPTIMIZATION_LEVEL = "-Onone";
			};
			name = Debug;
		};
		C374829C2784430E007D2F74 /* Release */ = {
			isa = XCBuildConfiguration;
			buildSettings = {
				ALWAYS_SEARCH_USER_PATHS = NO;
				CLANG_ANALYZER_NONNULL = YES;
				CLANG_ANALYZER_NUMBER_OBJECT_CONVERSION = YES_AGGRESSIVE;
				CLANG_CXX_LANGUAGE_STANDARD = "gnu++17";
				CLANG_CXX_LIBRARY = "libc++";
				CLANG_ENABLE_MODULES = YES;
				CLANG_ENABLE_OBJC_ARC = YES;
				CLANG_ENABLE_OBJC_WEAK = YES;
				CLANG_WARN_BLOCK_CAPTURE_AUTORELEASING = YES;
				CLANG_WARN_BOOL_CONVERSION = YES;
				CLANG_WARN_COMMA = YES;
				CLANG_WARN_CONSTANT_CONVERSION = YES;
				CLANG_WARN_DEPRECATED_OBJC_IMPLEMENTATIONS = YES;
				CLANG_WARN_DIRECT_OBJC_ISA_USAGE = YES_ERROR;
				CLANG_WARN_DOCUMENTATION_COMMENTS = YES;
				CLANG_WARN_EMPTY_BODY = YES;
				CLANG_WARN_ENUM_CONVERSION = YES;
				CLANG_WARN_INFINITE_RECURSION = YES;
				CLANG_WARN_INT_CONVERSION = YES;
				CLANG_WARN_NON_LITERAL_NULL_CONVERSION = YES;
				CLANG_WARN_OBJC_IMPLICIT_RETAIN_SELF = YES;
				CLANG_WARN_OBJC_LITERAL_CONVERSION = YES;
				CLANG_WARN_OBJC_ROOT_CLASS = YES_ERROR;
				CLANG_WARN_QUOTED_INCLUDE_IN_FRAMEWORK_HEADER = YES;
				CLANG_WARN_RANGE_LOOP_ANALYSIS = YES;
				CLANG_WARN_STRICT_PROTOTYPES = YES;
				CLANG_WARN_SUSPICIOUS_MOVE = YES;
				CLANG_WARN_UNGUARDED_AVAILABILITY = YES_AGGRESSIVE;
				CLANG_WARN_UNREACHABLE_CODE = YES;
				CLANG_WARN__DUPLICATE_METHOD_MATCH = YES;
				COPY_PHASE_STRIP = NO;
				DEBUG_INFORMATION_FORMAT = "dwarf-with-dsym";
				ENABLE_NS_ASSERTIONS = NO;
				ENABLE_STRICT_OBJC_MSGSEND = YES;
				GCC_C_LANGUAGE_STANDARD = gnu11;
				GCC_NO_COMMON_BLOCKS = YES;
				GCC_WARN_64_TO_32_BIT_CONVERSION = YES;
				GCC_WARN_ABOUT_RETURN_TYPE = YES_ERROR;
				GCC_WARN_UNDECLARED_SELECTOR = YES;
				GCC_WARN_UNINITIALIZED_AUTOS = YES_AGGRESSIVE;
				GCC_WARN_UNUSED_FUNCTION = YES;
				GCC_WARN_UNUSED_VARIABLE = YES;
				IPHONEOS_DEPLOYMENT_TARGET = 15.2;
				MTL_ENABLE_DEBUG_INFO = NO;
				MTL_FAST_MATH = YES;
				SDKROOT = iphoneos;
				SWIFT_COMPILATION_MODE = wholemodule;
				SWIFT_OPTIMIZATION_LEVEL = "-O";
				VALIDATE_PRODUCT = YES;
			};
			name = Release;
		};
		C374829E2784430E007D2F74 /* Debug */ = {
			isa = XCBuildConfiguration;
			buildSettings = {
				ASSETCATALOG_COMPILER_APPICON_NAME = AppIcon;
				ASSETCATALOG_COMPILER_GLOBAL_ACCENT_COLOR_NAME = AccentColor;
				CODE_SIGN_STYLE = Automatic;
				CURRENT_PROJECT_VERSION = 1;
				GENERATE_INFOPLIST_FILE = YES;
				INFOPLIST_FILE = ChatEver/Info.plist;
				INFOPLIST_KEY_NSCameraUsageDescription = "Please allow access to take a profile picture";
				INFOPLIST_KEY_NSPhotoLibraryAddUsageDescription = "Please allow access to select a photo for your profile.";
				INFOPLIST_KEY_UIApplicationSupportsIndirectInputEvents = YES;
				INFOPLIST_KEY_UILaunchStoryboardName = LaunchScreen;
				INFOPLIST_KEY_UIMainStoryboardFile = Main;
				INFOPLIST_KEY_UISupportedInterfaceOrientations = "UIInterfaceOrientationPortrait UIInterfaceOrientationLandscapeLeft UIInterfaceOrientationLandscapeRight";
				INFOPLIST_KEY_UISupportedInterfaceOrientations_iPad = "UIInterfaceOrientationPortrait UIInterfaceOrientationPortraitUpsideDown UIInterfaceOrientationLandscapeLeft UIInterfaceOrientationLandscapeRight";
				INFOPLIST_KEY_UISupportedInterfaceOrientations_iPhone = "UIInterfaceOrientationPortrait UIInterfaceOrientationLandscapeLeft UIInterfaceOrientationLandscapeRight";
				LD_RUNPATH_SEARCH_PATHS = (
					"$(inherited)",
					"@executable_path/Frameworks",
				);
				MARKETING_VERSION = 1.0;
				PRODUCT_BUNDLE_IDENTIFIER = com.norahAlthakafi.ChatEver;
				PRODUCT_NAME = "$(TARGET_NAME)";
				SWIFT_EMIT_LOC_STRINGS = YES;
				SWIFT_VERSION = 5.0;
				TARGETED_DEVICE_FAMILY = "1,2";
			};
			name = Debug;
		};
		C374829F2784430E007D2F74 /* Release */ = {
			isa = XCBuildConfiguration;
			buildSettings = {
				ASSETCATALOG_COMPILER_APPICON_NAME = AppIcon;
				ASSETCATALOG_COMPILER_GLOBAL_ACCENT_COLOR_NAME = AccentColor;
				CODE_SIGN_STYLE = Automatic;
				CURRENT_PROJECT_VERSION = 1;
				GENERATE_INFOPLIST_FILE = YES;
				INFOPLIST_FILE = ChatEver/Info.plist;
				INFOPLIST_KEY_NSCameraUsageDescription = "Please allow access to take a profile picture";
				INFOPLIST_KEY_NSPhotoLibraryAddUsageDescription = "Please allow access to select a photo for your profile.";
				INFOPLIST_KEY_UIApplicationSupportsIndirectInputEvents = YES;
				INFOPLIST_KEY_UILaunchStoryboardName = LaunchScreen;
				INFOPLIST_KEY_UIMainStoryboardFile = Main;
				INFOPLIST_KEY_UISupportedInterfaceOrientations = "UIInterfaceOrientationPortrait UIInterfaceOrientationLandscapeLeft UIInterfaceOrientationLandscapeRight";
				INFOPLIST_KEY_UISupportedInterfaceOrientations_iPad = "UIInterfaceOrientationPortrait UIInterfaceOrientationPortraitUpsideDown UIInterfaceOrientationLandscapeLeft UIInterfaceOrientationLandscapeRight";
				INFOPLIST_KEY_UISupportedInterfaceOrientations_iPhone = "UIInterfaceOrientationPortrait UIInterfaceOrientationLandscapeLeft UIInterfaceOrientationLandscapeRight";
				LD_RUNPATH_SEARCH_PATHS = (
					"$(inherited)",
					"@executable_path/Frameworks",
				);
				MARKETING_VERSION = 1.0;
				PRODUCT_BUNDLE_IDENTIFIER = com.norahAlthakafi.ChatEver;
				PRODUCT_NAME = "$(TARGET_NAME)";
				SWIFT_EMIT_LOC_STRINGS = YES;
				SWIFT_VERSION = 5.0;
				TARGETED_DEVICE_FAMILY = "1,2";
			};
			name = Release;
		};
/* End XCBuildConfiguration section */

/* Begin XCConfigurationList section */
		C37482812784430C007D2F74 /* Build configuration list for PBXProject "ChatEver" */ = {
			isa = XCConfigurationList;
			buildConfigurations = (
				C374829B2784430E007D2F74 /* Debug */,
				C374829C2784430E007D2F74 /* Release */,
			);
			defaultConfigurationIsVisible = 0;
			defaultConfigurationName = Release;
		};
		C374829D2784430E007D2F74 /* Build configuration list for PBXNativeTarget "ChatEver" */ = {
			isa = XCConfigurationList;
			buildConfigurations = (
				C374829E2784430E007D2F74 /* Debug */,
				C374829F2784430E007D2F74 /* Release */,
			);
			defaultConfigurationIsVisible = 0;
			defaultConfigurationName = Release;
		};
/* End XCConfigurationList section */

/* Begin XCRemoteSwiftPackageReference section */
		C31EAE772789678800BFFD43 /* XCRemoteSwiftPackageReference "realm-swift" */ = {
			isa = XCRemoteSwiftPackageReference;
			repositoryURL = "https://github.com/realm/realm-swift";
			requirement = {
				branch = master;
				kind = branch;
			};
		};
		C31EAE7C2789693200BFFD43 /* XCRemoteSwiftPackageReference "MessageKit" */ = {
			isa = XCRemoteSwiftPackageReference;
			repositoryURL = "https://github.com/MessageKit/MessageKit";
			requirement = {
				branch = master;
				kind = branch;
			};
		};
		C31EAE7F2789696000BFFD43 /* XCRemoteSwiftPackageReference "JGProgressHUD" */ = {
			isa = XCRemoteSwiftPackageReference;
			repositoryURL = "https://github.com/JonasGessner/JGProgressHUD";
			requirement = {
				branch = master;
				kind = branch;
			};
		};
		C31EAE82278969A400BFFD43 /* XCRemoteSwiftPackageReference "SDWebImage" */ = {
			isa = XCRemoteSwiftPackageReference;
			repositoryURL = "https://github.com/SDWebImage/SDWebImage";
			requirement = {
				branch = master;
				kind = branch;
			};
		};
		C31EAE8F278A2E4500BFFD43 /* XCRemoteSwiftPackageReference "facebook-ios-sdk" */ = {
			isa = XCRemoteSwiftPackageReference;
			repositoryURL = "https://github.com/facebook/facebook-ios-sdk";
			requirement = {
				branch = main;
				kind = branch;
			};
		};
		C36B23C72785C2FC0001E9B6 /* XCRemoteSwiftPackageReference "firebase-ios-sdk" */ = {
			isa = XCRemoteSwiftPackageReference;
			repositoryURL = "https://github.com/firebase/firebase-ios-sdk";
			requirement = {
				kind = upToNextMajorVersion;
				minimumVersion = 8.0.0;
			};
		};
/* End XCRemoteSwiftPackageReference section */

/* Begin XCSwiftPackageProductDependency section */
		C31EAE782789678800BFFD43 /* Realm */ = {
			isa = XCSwiftPackageProductDependency;
			package = C31EAE772789678800BFFD43 /* XCRemoteSwiftPackageReference "realm-swift" */;
			productName = Realm;
		};
		C31EAE7A2789678800BFFD43 /* RealmSwift */ = {
			isa = XCSwiftPackageProductDependency;
			package = C31EAE772789678800BFFD43 /* XCRemoteSwiftPackageReference "realm-swift" */;
			productName = RealmSwift;
		};
		C31EAE7D2789693200BFFD43 /* MessageKit */ = {
			isa = XCSwiftPackageProductDependency;
			package = C31EAE7C2789693200BFFD43 /* XCRemoteSwiftPackageReference "MessageKit" */;
			productName = MessageKit;
		};
		C31EAE802789696000BFFD43 /* JGProgressHUD */ = {
			isa = XCSwiftPackageProductDependency;
			package = C31EAE7F2789696000BFFD43 /* XCRemoteSwiftPackageReference "JGProgressHUD" */;
			productName = JGProgressHUD;
		};
		C31EAE83278969A400BFFD43 /* SDWebImage */ = {
			isa = XCSwiftPackageProductDependency;
			package = C31EAE82278969A400BFFD43 /* XCRemoteSwiftPackageReference "SDWebImage" */;
			productName = SDWebImage;
		};
		C31EAE85278969A400BFFD43 /* SDWebImageMapKit */ = {
			isa = XCSwiftPackageProductDependency;
			package = C31EAE82278969A400BFFD43 /* XCRemoteSwiftPackageReference "SDWebImage" */;
			productName = SDWebImageMapKit;
		};
		C31EAE90278A2E4600BFFD43 /* FacebookLogin */ = {
			isa = XCSwiftPackageProductDependency;
			package = C31EAE8F278A2E4500BFFD43 /* XCRemoteSwiftPackageReference "facebook-ios-sdk" */;
			productName = FacebookLogin;
		};
		C36B23C82785C2FC0001E9B6 /* FirebaseAnalytics */ = {
			isa = XCSwiftPackageProductDependency;
			package = C36B23C72785C2FC0001E9B6 /* XCRemoteSwiftPackageReference "firebase-ios-sdk" */;
			productName = FirebaseAnalytics;
		};
		C36B23CA2785C2FC0001E9B6 /* FirebaseAuth */ = {
			isa = XCSwiftPackageProductDependency;
			package = C36B23C72785C2FC0001E9B6 /* XCRemoteSwiftPackageReference "firebase-ios-sdk" */;
			productName = FirebaseAuth;
		};
		C36B23CC2785C2FC0001E9B6 /* FirebaseDatabase */ = {
			isa = XCSwiftPackageProductDependency;
			package = C36B23C72785C2FC0001E9B6 /* XCRemoteSwiftPackageReference "firebase-ios-sdk" */;
			productName = FirebaseDatabase;
		};
		C36B23CE2785C2FC0001E9B6 /* FirebaseStorage */ = {
			isa = XCSwiftPackageProductDependency;
			package = C36B23C72785C2FC0001E9B6 /* XCRemoteSwiftPackageReference "firebase-ios-sdk" */;
			productName = FirebaseStorage;
		};
/* End XCSwiftPackageProductDependency section */
	};
	rootObject = C374827E2784430C007D2F74 /* Project object */;
}
